
Microsoft Visual Studio Solution File, Format Version 12.00
# Visual Studio Version 16
VisualStudioVersion = 16.0.29709.97
MinimumVisualStudioVersion = 10.0.40219.1
Project("{FAE04EC0-301F-11D3-BF4B-00C04F79EFBC}") = "MyTest", "MyTest\MyTest.csproj", "{24946550-0253-46CE-B101-7DC8EC41CAF7}"
EndProject
Global
	GlobalSection(SolutionConfigurationPlatforms) = preSolution
		Debug|Any CPU = Debug|Any CPU
		Release|Any CPU = Release|Any CPU
	EndGlobalSection
	GlobalSection(ProjectConfigurationPlatforms) = postSolution
		{24946550-0253-46CE-B101-7DC8EC41CAF7}.Debug|Any CPU.ActiveCfg = Debug|Any CPU
		{24946550-0253-46CE-B101-7DC8EC41CAF7}.Debug|Any CPU.Build.0 = Debug|Any CPU
		{24946550-0253-46CE-B101-7DC8EC41CAF7}.Release|Any CPU.ActiveCfg = Release|Any CPU
		{24946550-0253-46CE-B101-7DC8EC41CAF7}.Release|Any CPU.Build.0 = Release|Any CPU
	EndGlobalSection
	GlobalSection(SolutionProperties) = preSolution
		HideSolutionNode = FALSE
	EndGlobalSection
	GlobalSection(ExtensibilityGlobals) = postSolution
		SolutionGuid = {5230BDBF-5571-465B-9DDF-D4778F96688D}
	EndGlobalSection
EndGlobal
